// !$*UTF8*$!
{
	archiveVersion = 1;
	classes = {
	};
	objectVersion = 50;
	objects = {

/* Begin PBXBuildFile section */
		E9140D3C20F85C6F001505AE /* mojaveDesk.png in Resources */ = {isa = PBXBuildFile; fileRef = E9140D3B20F85C6F001505AE /* mojaveDesk.png */; };
		E9E47A5C20EAF6E300BA3EAF /* AppDelegate.swift in Sources */ = {isa = PBXBuildFile; fileRef = E9E47A5B20EAF6E300BA3EAF /* AppDelegate.swift */; };
		E9E47A5E20EAF6E300BA3EAF /* art.scnassets in Resources */ = {isa = PBXBuildFile; fileRef = E9E47A5D20EAF6E300BA3EAF /* art.scnassets */; };
		E9E47A6020EAF6E300BA3EAF /* ViewController.swift in Sources */ = {isa = PBXBuildFile; fileRef = E9E47A5F20EAF6E300BA3EAF /* ViewController.swift */; };
		E9E47A6320EAF6E300BA3EAF /* Main.storyboard in Resources */ = {isa = PBXBuildFile; fileRef = E9E47A6120EAF6E300BA3EAF /* Main.storyboard */; };
		E9E47A6520EAF6E500BA3EAF /* Assets.xcassets in Resources */ = {isa = PBXBuildFile; fileRef = E9E47A6420EAF6E500BA3EAF /* Assets.xcassets */; };
		E9E47A6820EAF6E500BA3EAF /* LaunchScreen.storyboard in Resources */ = {isa = PBXBuildFile; fileRef = E9E47A6620EAF6E500BA3EAF /* LaunchScreen.storyboard */; };
		E9E47A7320EAF6E500BA3EAF /* FloatingDisplaysTests.swift in Sources */ = {isa = PBXBuildFile; fileRef = E9E47A7220EAF6E500BA3EAF /* FloatingDisplaysTests.swift */; };
		E9E47A7E20EAF6E500BA3EAF /* FloatingDisplaysUITests.swift in Sources */ = {isa = PBXBuildFile; fileRef = E9E47A7D20EAF6E500BA3EAF /* FloatingDisplaysUITests.swift */; };
/* End PBXBuildFile section */

/* Begin PBXContainerItemProxy section */
		E9E47A6F20EAF6E500BA3EAF /* PBXContainerItemProxy */ = {
			isa = PBXContainerItemProxy;
			containerPortal = E9E47A5020EAF6E200BA3EAF /* Project object */;
			proxyType = 1;
			remoteGlobalIDString = E9E47A5720EAF6E200BA3EAF;
			remoteInfo = ImageTrackingThing;
		};
		E9E47A7A20EAF6E500BA3EAF /* PBXContainerItemProxy */ = {
			isa = PBXContainerItemProxy;
			containerPortal = E9E47A5020EAF6E200BA3EAF /* Project object */;
			proxyType = 1;
			remoteGlobalIDString = E9E47A5720EAF6E200BA3EAF;
			remoteInfo = ImageTrackingThing;
		};
/* End PBXContainerItemProxy section */

/* Begin PBXFileReference section */
		E9140D3B20F85C6F001505AE /* mojaveDesk.png */ = {isa = PBXFileReference; lastKnownFileType = image.png; name = mojaveDesk.png; path = ../../../Desktop/mojaveDesk.png; sourceTree = "<group>"; };
		E9E47A5820EAF6E200BA3EAF /* FloatingDisplays.app */ = {isa = PBXFileReference; explicitFileType = wrapper.application; includeInIndex = 0; path = FloatingDisplays.app; sourceTree = BUILT_PRODUCTS_DIR; };
		E9E47A5B20EAF6E300BA3EAF /* AppDelegate.swift */ = {isa = PBXFileReference; lastKnownFileType = sourcecode.swift; path = AppDelegate.swift; sourceTree = "<group>"; };
		E9E47A5D20EAF6E300BA3EAF /* art.scnassets */ = {isa = PBXFileReference; lastKnownFileType = wrapper.scnassets; path = art.scnassets; sourceTree = "<group>"; };
		E9E47A5F20EAF6E300BA3EAF /* ViewController.swift */ = {isa = PBXFileReference; lastKnownFileType = sourcecode.swift; path = ViewController.swift; sourceTree = "<group>"; };
		E9E47A6220EAF6E300BA3EAF /* Base */ = {isa = PBXFileReference; lastKnownFileType = file.storyboard; name = Base; path = Base.lproj/Main.storyboard; sourceTree = "<group>"; };
		E9E47A6420EAF6E500BA3EAF /* Assets.xcassets */ = {isa = PBXFileReference; lastKnownFileType = folder.assetcatalog; path = Assets.xcassets; sourceTree = "<group>"; };
		E9E47A6720EAF6E500BA3EAF /* Base */ = {isa = PBXFileReference; lastKnownFileType = file.storyboard; name = Base; path = Base.lproj/LaunchScreen.storyboard; sourceTree = "<group>"; };
		E9E47A6920EAF6E500BA3EAF /* Info.plist */ = {isa = PBXFileReference; lastKnownFileType = text.plist.xml; path = Info.plist; sourceTree = "<group>"; };
		E9E47A6E20EAF6E500BA3EAF /* FloatingDisplaysTests.xctest */ = {isa = PBXFileReference; explicitFileType = wrapper.cfbundle; includeInIndex = 0; path = FloatingDisplaysTests.xctest; sourceTree = BUILT_PRODUCTS_DIR; };
		E9E47A7220EAF6E500BA3EAF /* FloatingDisplaysTests.swift */ = {isa = PBXFileReference; lastKnownFileType = sourcecode.swift; path = FloatingDisplaysTests.swift; sourceTree = "<group>"; };
		E9E47A7420EAF6E500BA3EAF /* Info.plist */ = {isa = PBXFileReference; lastKnownFileType = text.plist.xml; path = Info.plist; sourceTree = "<group>"; };
		E9E47A7920EAF6E500BA3EAF /* FloatingDisplaysUITests.xctest */ = {isa = PBXFileReference; explicitFileType = wrapper.cfbundle; includeInIndex = 0; path = FloatingDisplaysUITests.xctest; sourceTree = BUILT_PRODUCTS_DIR; };
		E9E47A7D20EAF6E500BA3EAF /* FloatingDisplaysUITests.swift */ = {isa = PBXFileReference; lastKnownFileType = sourcecode.swift; path = FloatingDisplaysUITests.swift; sourceTree = "<group>"; };
		E9E47A7F20EAF6E500BA3EAF /* Info.plist */ = {isa = PBXFileReference; lastKnownFileType = text.plist.xml; path = Info.plist; sourceTree = "<group>"; };
/* End PBXFileReference section */

/* Begin PBXFrameworksBuildPhase section */
		E9E47A5520EAF6E200BA3EAF /* Frameworks */ = {
			isa = PBXFrameworksBuildPhase;
			buildActionMask = 2147483647;
			files = (
			);
			runOnlyForDeploymentPostprocessing = 0;
		};
		E9E47A6B20EAF6E500BA3EAF /* Frameworks */ = {
			isa = PBXFrameworksBuildPhase;
			buildActionMask = 2147483647;
			files = (
			);
			runOnlyForDeploymentPostprocessing = 0;
		};
		E9E47A7620EAF6E500BA3EAF /* Frameworks */ = {
			isa = PBXFrameworksBuildPhase;
			buildActionMask = 2147483647;
			files = (
			);
			runOnlyForDeploymentPostprocessing = 0;
		};
/* End PBXFrameworksBuildPhase section */

/* Begin PBXGroup section */
		E9E47A4F20EAF6E200BA3EAF = {
			isa = PBXGroup;
			children = (
				E9E47A5A20EAF6E200BA3EAF /* FloatingDisplays */,
				E9E47A7120EAF6E500BA3EAF /* FloatingDisplaysTests */,
				E9E47A7C20EAF6E500BA3EAF /* FloatingDisplaysUITests */,
				E9E47A5920EAF6E200BA3EAF /* Products */,
			);
			sourceTree = "<group>";
		};
		E9E47A5920EAF6E200BA3EAF /* Products */ = {
			isa = PBXGroup;
			children = (
				E9E47A5820EAF6E200BA3EAF /* FloatingDisplays.app */,
				E9E47A6E20EAF6E500BA3EAF /* FloatingDisplaysTests.xctest */,
				E9E47A7920EAF6E500BA3EAF /* FloatingDisplaysUITests.xctest */,
			);
			name = Products;
			sourceTree = "<group>";
		};
		E9E47A5A20EAF6E200BA3EAF /* FloatingDisplays */ = {
			isa = PBXGroup;
			children = (
				E9E47A5B20EAF6E300BA3EAF /* AppDelegate.swift */,
				E9140D3B20F85C6F001505AE /* mojaveDesk.png */,
				E9E47A5D20EAF6E300BA3EAF /* art.scnassets */,
				E9E47A5F20EAF6E300BA3EAF /* ViewController.swift */,
				E9E47A6120EAF6E300BA3EAF /* Main.storyboard */,
				E9E47A6420EAF6E500BA3EAF /* Assets.xcassets */,
				E9E47A6620EAF6E500BA3EAF /* LaunchScreen.storyboard */,
				E9E47A6920EAF6E500BA3EAF /* Info.plist */,
			);
			path = FloatingDisplays;
			sourceTree = "<group>";
		};
		E9E47A7120EAF6E500BA3EAF /* FloatingDisplaysTests */ = {
			isa = PBXGroup;
			children = (
				E9E47A7220EAF6E500BA3EAF /* FloatingDisplaysTests.swift */,
				E9E47A7420EAF6E500BA3EAF /* Info.plist */,
			);
			path = FloatingDisplaysTests;
			sourceTree = "<group>";
		};
		E9E47A7C20EAF6E500BA3EAF /* FloatingDisplaysUITests */ = {
			isa = PBXGroup;
			children = (
				E9E47A7D20EAF6E500BA3EAF /* FloatingDisplaysUITests.swift */,
				E9E47A7F20EAF6E500BA3EAF /* Info.plist */,
			);
			path = FloatingDisplaysUITests;
			sourceTree = "<group>";
		};
/* End PBXGroup section */

/* Begin PBXNativeTarget section */
		E9E47A5720EAF6E200BA3EAF /* FloatingDisplays */ = {
			isa = PBXNativeTarget;
			buildConfigurationList = E9E47A8220EAF6E500BA3EAF /* Build configuration list for PBXNativeTarget "FloatingDisplays" */;
			buildPhases = (
				E9E47A5420EAF6E200BA3EAF /* Sources */,
				E9E47A5520EAF6E200BA3EAF /* Frameworks */,
				E9E47A5620EAF6E200BA3EAF /* Resources */,
				E9140D3920F859E8001505AE /* ShellScript */,
			);
			buildRules = (
			);
			dependencies = (
			);
			name = FloatingDisplays;
			productName = ImageTrackingThing;
			productReference = E9E47A5820EAF6E200BA3EAF /* FloatingDisplays.app */;
			productType = "com.apple.product-type.application";
		};
		E9E47A6D20EAF6E500BA3EAF /* FloatingDisplaysTests */ = {
			isa = PBXNativeTarget;
			buildConfigurationList = E9E47A8520EAF6E500BA3EAF /* Build configuration list for PBXNativeTarget "FloatingDisplaysTests" */;
			buildPhases = (
				E9E47A6A20EAF6E500BA3EAF /* Sources */,
				E9E47A6B20EAF6E500BA3EAF /* Frameworks */,
				E9E47A6C20EAF6E500BA3EAF /* Resources */,
			);
			buildRules = (
			);
			dependencies = (
				E9E47A7020EAF6E500BA3EAF /* PBXTargetDependency */,
			);
			name = FloatingDisplaysTests;
			productName = ImageTrackingThingTests;
			productReference = E9E47A6E20EAF6E500BA3EAF /* FloatingDisplaysTests.xctest */;
			productType = "com.apple.product-type.bundle.unit-test";
		};
		E9E47A7820EAF6E500BA3EAF /* FloatingDisplaysUITests */ = {
			isa = PBXNativeTarget;
			buildConfigurationList = E9E47A8820EAF6E500BA3EAF /* Build configuration list for PBXNativeTarget "FloatingDisplaysUITests" */;
			buildPhases = (
				E9E47A7520EAF6E500BA3EAF /* Sources */,
				E9E47A7620EAF6E500BA3EAF /* Frameworks */,
				E9E47A7720EAF6E500BA3EAF /* Resources */,
			);
			buildRules = (
			);
			dependencies = (
				E9E47A7B20EAF6E500BA3EAF /* PBXTargetDependency */,
			);
			name = FloatingDisplaysUITests;
			productName = ImageTrackingThingUITests;
			productReference = E9E47A7920EAF6E500BA3EAF /* FloatingDisplaysUITests.xctest */;
			productType = "com.apple.product-type.bundle.ui-testing";
		};
/* End PBXNativeTarget section */

/* Begin PBXProject section */
		E9E47A5020EAF6E200BA3EAF /* Project object */ = {
			isa = PBXProject;
			attributes = {
				LastSwiftUpdateCheck = 1000;
				LastUpgradeCheck = 1000;
				ORGANIZATIONNAME = "Erik Martin";
				TargetAttributes = {
					E9E47A5720EAF6E200BA3EAF = {
						CreatedOnToolsVersion = 10.0;
					};
					E9E47A6D20EAF6E500BA3EAF = {
						CreatedOnToolsVersion = 10.0;
						TestTargetID = E9E47A5720EAF6E200BA3EAF;
					};
					E9E47A7820EAF6E500BA3EAF = {
						CreatedOnToolsVersion = 10.0;
						TestTargetID = E9E47A5720EAF6E200BA3EAF;
					};
				};
			};
			buildConfigurationList = E9E47A5320EAF6E200BA3EAF /* Build configuration list for PBXProject "FloatingDisplays" */;
			compatibilityVersion = "Xcode 9.3";
			developmentRegion = en;
			hasScannedForEncodings = 0;
			knownRegions = (
				en,
				Base,
			);
			mainGroup = E9E47A4F20EAF6E200BA3EAF;
			productRefGroup = E9E47A5920EAF6E200BA3EAF /* Products */;
			projectDirPath = "";
			projectRoot = "";
			targets = (
				E9E47A5720EAF6E200BA3EAF /* FloatingDisplays */,
				E9E47A6D20EAF6E500BA3EAF /* FloatingDisplaysTests */,
				E9E47A7820EAF6E500BA3EAF /* FloatingDisplaysUITests */,
			);
		};
/* End PBXProject section */

/* Begin PBXResourcesBuildPhase section */
		E9E47A5620EAF6E200BA3EAF /* Resources */ = {
			isa = PBXResourcesBuildPhase;
			buildActionMask = 2147483647;
			files = (
				E9E47A5E20EAF6E300BA3EAF /* art.scnassets in Resources */,
				E9140D3C20F85C6F001505AE /* mojaveDesk.png in Resources */,
				E9E47A6820EAF6E500BA3EAF /* LaunchScreen.storyboard in Resources */,
				E9E47A6520EAF6E500BA3EAF /* Assets.xcassets in Resources */,
				E9E47A6320EAF6E300BA3EAF /* Main.storyboard in Resources */,
			);
			runOnlyForDeploymentPostprocessing = 0;
		};
		E9E47A6C20EAF6E500BA3EAF /* Resources */ = {
			isa = PBXResourcesBuildPhase;
			buildActionMask = 2147483647;
			files = (
			);
			runOnlyForDeploymentPostprocessing = 0;
		};
		E9E47A7720EAF6E500BA3EAF /* Resources */ = {
			isa = PBXResourcesBuildPhase;
			buildActionMask = 2147483647;
			files = (
			);
			runOnlyForDeploymentPostprocessing = 0;
		};
/* End PBXResourcesBuildPhase section */

/* Begin PBXShellScriptBuildPhase section */
		E9140D3920F859E8001505AE /* ShellScript */ = {
			isa = PBXShellScriptBuildPhase;
			buildActionMask = 2147483647;
			files = (
			);
			inputFileListPaths = (
			);
			inputPaths = (
			);
			outputFileListPaths = (
			);
			outputPaths = (
			);
			runOnlyForDeploymentPostprocessing = 0;
			shellPath = /bin/sh;
			shellScript = "# Type a script or drag a script file from your workspace to insert its path.\nxattr -cr ~/Library/Developer/Xcode/DerivedData || echo Clear\n";
		};
/* End PBXShellScriptBuildPhase section */

/* Begin PBXSourcesBuildPhase section */
		E9E47A5420EAF6E200BA3EAF /* Sources */ = {
			isa = PBXSourcesBuildPhase;
			buildActionMask = 2147483647;
			files = (
				E9E47A6020EAF6E300BA3EAF /* ViewController.swift in Sources */,
				E9E47A5C20EAF6E300BA3EAF /* AppDelegate.swift in Sources */,
			);
			runOnlyForDeploymentPostprocessing = 0;
		};
		E9E47A6A20EAF6E500BA3EAF /* Sources */ = {
			isa = PBXSourcesBuildPhase;
			buildActionMask = 2147483647;
			files = (
				E9E47A7320EAF6E500BA3EAF /* FloatingDisplaysTests.swift in Sources */,
			);
			runOnlyForDeploymentPostprocessing = 0;
		};
		E9E47A7520EAF6E500BA3EAF /* Sources */ = {
			isa = PBXSourcesBuildPhase;
			buildActionMask = 2147483647;
			files = (
				E9E47A7E20EAF6E500BA3EAF /* FloatingDisplaysUITests.swift in Sources */,
			);
			runOnlyForDeploymentPostprocessing = 0;
		};
/* End PBXSourcesBuildPhase section */

/* Begin PBXTargetDependency section */
		E9E47A7020EAF6E500BA3EAF /* PBXTargetDependency */ = {
			isa = PBXTargetDependency;
			target = E9E47A5720EAF6E200BA3EAF /* FloatingDisplays */;
			targetProxy = E9E47A6F20EAF6E500BA3EAF /* PBXContainerItemProxy */;
		};
		E9E47A7B20EAF6E500BA3EAF /* PBXTargetDependency */ = {
			isa = PBXTargetDependency;
			target = E9E47A5720EAF6E200BA3EAF /* FloatingDisplays */;
			targetProxy = E9E47A7A20EAF6E500BA3EAF /* PBXContainerItemProxy */;
		};
/* End PBXTargetDependency section */

/* Begin PBXVariantGroup section */
		E9E47A6120EAF6E300BA3EAF /* Main.storyboard */ = {
			isa = PBXVariantGroup;
			children = (
				E9E47A6220EAF6E300BA3EAF /* Base */,
			);
			name = Main.storyboard;
			sourceTree = "<group>";
		};
		E9E47A6620EAF6E500BA3EAF /* LaunchScreen.storyboard */ = {
			isa = PBXVariantGroup;
			children = (
				E9E47A6720EAF6E500BA3EAF /* Base */,
			);
			name = LaunchScreen.storyboard;
			sourceTree = "<group>";
		};
/* End PBXVariantGroup section */

/* Begin XCBuildConfiguration section */
		E9E47A8020EAF6E500BA3EAF /* Debug */ = {
			isa = XCBuildConfiguration;
			buildSettings = {
				ALWAYS_SEARCH_USER_PATHS = NO;
				CLANG_ANALYZER_NONNULL = YES;
				CLANG_ANALYZER_NUMBER_OBJECT_CONVERSION = YES_AGGRESSIVE;
				CLANG_CXX_LANGUAGE_STANDARD = "gnu++14";
				CLANG_CXX_LIBRARY = "libc++";
				CLANG_ENABLE_MODULES = YES;
				CLANG_ENABLE_OBJC_ARC = YES;
				CLANG_ENABLE_OBJC_WEAK = YES;
				CLANG_WARN_BLOCK_CAPTURE_AUTORELEASING = YES;
				CLANG_WARN_BOOL_CONVERSION = YES;
				CLANG_WARN_COMMA = YES;
				CLANG_WARN_CONSTANT_CONVERSION = YES;
				CLANG_WARN_DEPRECATED_OBJC_IMPLEMENTATIONS = YES;
				CLANG_WARN_DIRECT_OBJC_ISA_USAGE = YES_ERROR;
				CLANG_WARN_DOCUMENTATION_COMMENTS = YES;
				CLANG_WARN_EMPTY_BODY = YES;
				CLANG_WARN_ENUM_CONVERSION = YES;
				CLANG_WARN_INFINITE_RECURSION = YES;
				CLANG_WARN_INT_CONVERSION = YES;
				CLANG_WARN_NON_LITERAL_NULL_CONVERSION = YES;
				CLANG_WARN_OBJC_IMPLICIT_RETAIN_SELF = YES;
				CLANG_WARN_OBJC_LITERAL_CONVERSION = YES;
				CLANG_WARN_OBJC_ROOT_CLASS = YES_ERROR;
				CLANG_WARN_RANGE_LOOP_ANALYSIS = YES;
				CLANG_WARN_STRICT_PROTOTYPES = YES;
				CLANG_WARN_SUSPICIOUS_MOVE = YES;
				CLANG_WARN_UNGUARDED_AVAILABILITY = YES_AGGRESSIVE;
				CLANG_WARN_UNREACHABLE_CODE = YES;
				CLANG_WARN__DUPLICATE_METHOD_MATCH = YES;
				CODE_SIGN_IDENTITY = "iPhone Developer";
				COPY_PHASE_STRIP = NO;
				DEBUG_INFORMATION_FORMAT = dwarf;
				ENABLE_STRICT_OBJC_MSGSEND = YES;
				ENABLE_TESTABILITY = YES;
				GCC_C_LANGUAGE_STANDARD = gnu11;
				GCC_DYNAMIC_NO_PIC = NO;
				GCC_NO_COMMON_BLOCKS = YES;
				GCC_OPTIMIZATION_LEVEL = 0;
				GCC_PREPROCESSOR_DEFINITIONS = (
					"DEBUG=1",
					"$(inherited)",
				);
				GCC_WARN_64_TO_32_BIT_CONVERSION = YES;
				GCC_WARN_ABOUT_RETURN_TYPE = YES_ERROR;
				GCC_WARN_UNDECLARED_SELECTOR = YES;
				GCC_WARN_UNINITIALIZED_AUTOS = YES_AGGRESSIVE;
				GCC_WARN_UNUSED_FUNCTION = YES;
				GCC_WARN_UNUSED_VARIABLE = YES;
				IPHONEOS_DEPLOYMENT_TARGET = 12.0;
				MTL_ENABLE_DEBUG_INFO = INCLUDE_SOURCE;
				ONLY_ACTIVE_ARCH = YES;
				SDKROOT = iphoneos;
				SWIFT_ACTIVE_COMPILATION_CONDITIONS = DEBUG;
				SWIFT_OPTIMIZATION_LEVEL = "-Onone";
			};
			name = Debug;
		};
		E9E47A8120EAF6E500BA3EAF /* Release */ = {
			isa = XCBuildConfiguration;
			buildSettings = {
				ALWAYS_SEARCH_USER_PATHS = NO;
				CLANG_ANALYZER_NONNULL = YES;
				CLANG_ANALYZER_NUMBER_OBJECT_CONVERSION = YES_AGGRESSIVE;
				CLANG_CXX_LANGUAGE_STANDARD = "gnu++14";
				CLANG_CXX_LIBRARY = "libc++";
				CLANG_ENABLE_MODULES = YES;
				CLANG_ENABLE_OBJC_ARC = YES;
				CLANG_ENABLE_OBJC_WEAK = YES;
				CLANG_WARN_BLOCK_CAPTURE_AUTORELEASING = YES;
				CLANG_WARN_BOOL_CONVERSION = YES;
				CLANG_WARN_COMMA = YES;
				CLANG_WARN_CONSTANT_CONVERSION = YES;
				CLANG_WARN_DEPRECATED_OBJC_IMPLEMENTATIONS = YES;
				CLANG_WARN_DIRECT_OBJC_ISA_USAGE = YES_ERROR;
				CLANG_WARN_DOCUMENTATION_COMMENTS = YES;
				CLANG_WARN_EMPTY_BODY = YES;
				CLANG_WARN_ENUM_CONVERSION = YES;
				CLANG_WARN_INFINITE_RECURSION = YES;
				CLANG_WARN_INT_CONVERSION = YES;
				CLANG_WARN_NON_LITERAL_NULL_CONVERSION = YES;
				CLANG_WARN_OBJC_IMPLICIT_RETAIN_SELF = YES;
				CLANG_WARN_OBJC_LITERAL_CONVERSION = YES;
				CLANG_WARN_OBJC_ROOT_CLASS = YES_ERROR;
				CLANG_WARN_RANGE_LOOP_ANALYSIS = YES;
				CLANG_WARN_STRICT_PROTOTYPES = YES;
				CLANG_WARN_SUSPICIOUS_MOVE = YES;
				CLANG_WARN_UNGUARDED_AVAILABILITY = YES_AGGRESSIVE;
				CLANG_WARN_UNREACHABLE_CODE = YES;
				CLANG_WARN__DUPLICATE_METHOD_MATCH = YES;
				CODE_SIGN_IDENTITY = "iPhone Developer";
				COPY_PHASE_STRIP = NO;
				DEBUG_INFORMATION_FORMAT = "dwarf-with-dsym";
				ENABLE_NS_ASSERTIONS = NO;
				ENABLE_STRICT_OBJC_MSGSEND = YES;
				GCC_C_LANGUAGE_STANDARD = gnu11;
				GCC_NO_COMMON_BLOCKS = YES;
				GCC_WARN_64_TO_32_BIT_CONVERSION = YES;
				GCC_WARN_ABOUT_RETURN_TYPE = YES_ERROR;
				GCC_WARN_UNDECLARED_SELECTOR = YES;
				GCC_WARN_UNINITIALIZED_AUTOS = YES_AGGRESSIVE;
				GCC_WARN_UNUSED_FUNCTION = YES;
				GCC_WARN_UNUSED_VARIABLE = YES;
				IPHONEOS_DEPLOYMENT_TARGET = 12.0;
				MTL_ENABLE_DEBUG_INFO = NO;
				SDKROOT = iphoneos;
				SWIFT_COMPILATION_MODE = wholemodule;
				SWIFT_OPTIMIZATION_LEVEL = "-O";
				VALIDATE_PRODUCT = YES;
			};
			name = Release;
		};
		E9E47A8320EAF6E500BA3EAF /* Debug */ = {
			isa = XCBuildConfiguration;
			buildSettings = {
				ASSETCATALOG_COMPILER_APPICON_NAME = AppIcon;
				CODE_SIGN_IDENTITY = "iPhone Developer";
				CODE_SIGN_STYLE = Automatic;
				DEVELOPMENT_TEAM = G28G58EVS9;
				INFOPLIST_FILE = FloatingDisplays/Info.plist;
				LD_RUNPATH_SEARCH_PATHS = (
					"$(inherited)",
					"@executable_path/Frameworks",
				);
				PRODUCT_BUNDLE_IDENTIFIER = erikmartin.FloatingDisplays;
				PRODUCT_NAME = "$(TARGET_NAME)";
				PROVISIONING_PROFILE_SPECIFIER = "";
				SWIFT_VERSION = 4.2;
				TARGETED_DEVICE_FAMILY = "1,2";
			};
			name = Debug;
		};
		E9E47A8420EAF6E500BA3EAF /* Release */ = {
			isa = XCBuildConfiguration;
			buildSettings = {
				ASSETCATALOG_COMPILER_APPICON_NAME = AppIcon;
				CODE_SIGN_IDENTITY = "iPhone Developer";
				CODE_SIGN_STYLE = Automatic;
				DEVELOPMENT_TEAM = G28G58EVS9;
				INFOPLIST_FILE = FloatingDisplays/Info.plist;
				LD_RUNPATH_SEARCH_PATHS = (
					"$(inherited)",
					"@executable_path/Frameworks",
				);
				PRODUCT_BUNDLE_IDENTIFIER = erikmartin.FloatingDisplays;
				PRODUCT_NAME = "$(TARGET_NAME)";
				PROVISIONING_PROFILE_SPECIFIER = "";
				SWIFT_VERSION = 4.2;
				TARGETED_DEVICE_FAMILY = "1,2";
			};
			name = Release;
		};
		E9E47A8620EAF6E500BA3EAF /* Debug */ = {
			isa = XCBuildConfiguration;
			buildSettings = {
				ALWAYS_EMBED_SWIFT_STANDARD_LIBRARIES = YES;
				BUNDLE_LOADER = "$(TEST_HOST)";
				CODE_SIGN_STYLE = Automatic;
				DEVELOPMENT_TEAM = G28G58EVS9;
				INFOPLIST_FILE = ImageTrackingThingTests/Info.plist;
				LD_RUNPATH_SEARCH_PATHS = (
					"$(inherited)",
					"@executable_path/Frameworks",
					"@loader_path/Frameworks",
				);
				PRODUCT_BUNDLE_IDENTIFIER = erikmartin.ImageTrackingThingTests;
				PRODUCT_NAME = "$(TARGET_NAME)";
				SWIFT_VERSION = 4.2;
				TARGETED_DEVICE_FAMILY = "1,2";
				TEST_HOST = "$(BUILT_PRODUCTS_DIR)/FloatingDisplays.app/FloatingDisplays";
			};
			name = Debug;
		};
		E9E47A8720EAF6E500BA3EAF /* Release */ = {
			isa = XCBuildConfiguration;
			buildSettings = {
				ALWAYS_EMBED_SWIFT_STANDARD_LIBRARIES = YES;
				BUNDLE_LOADER = "$(TEST_HOST)";
				CODE_SIGN_STYLE = Automatic;
				DEVELOPMENT_TEAM = G28G58EVS9;
				INFOPLIST_FILE = ImageTrackingThingTests/Info.plist;
				LD_RUNPATH_SEARCH_PATHS = (
					"$(inherited)",
					"@executable_path/Frameworks",
					"@loader_path/Frameworks",
				);
				PRODUCT_BUNDLE_IDENTIFIER = erikmartin.ImageTrackingThingTests;
				PRODUCT_NAME = "$(TARGET_NAME)";
				SWIFT_VERSION = 4.2;
				TARGETED_DEVICE_FAMILY = "1,2";
				TEST_HOST = "$(BUILT_PRODUCTS_DIR)/FloatingDisplays.app/FloatingDisplays";
			};
			name = Release;
		};
		E9E47A8920EAF6E500BA3EAF /* Debug */ = {
			isa = XCBuildConfiguration;
			buildSettings = {
				ALWAYS_EMBED_SWIFT_STANDARD_LIBRARIES = YES;
				CODE_SIGN_STYLE = Automatic;
				DEVELOPMENT_TEAM = G28G58EVS9;
				INFOPLIST_FILE = ImageTrackingThingUITests/Info.plist;
				LD_RUNPATH_SEARCH_PATHS = (
					"$(inherited)",
					"@executable_path/Frameworks",
					"@loader_path/Frameworks",
				);
				PRODUCT_BUNDLE_IDENTIFIER = erikmartin.ImageTrackingThingUITests;
				PRODUCT_NAME = "$(TARGET_NAME)";
				SWIFT_VERSION = 4.2;
				TARGETED_DEVICE_FAMILY = "1,2";
				TEST_TARGET_NAME = ImageTrackingThing;
			};
			name = Debug;
		};
		E9E47A8A20EAF6E500BA3EAF /* Release */ = {
			isa = XCBuildConfiguration;
			buildSettings = {
				ALWAYS_EMBED_SWIFT_STANDARD_LIBRARIES = YES;
				CODE_SIGN_STYLE = Automatic;
				DEVELOPMENT_TEAM = G28G58EVS9;
				INFOPLIST_FILE = ImageTrackingThingUITests/Info.plist;
				LD_RUNPATH_SEARCH_PATHS = (
					"$(inherited)",
					"@executable_path/Frameworks",
					"@loader_path/Frameworks",
				);
				PRODUCT_BUNDLE_IDENTIFIER = erikmartin.ImageTrackingThingUITests;
				PRODUCT_NAME = "$(TARGET_NAME)";
				SWIFT_VERSION = 4.2;
				TARGETED_DEVICE_FAMILY = "1,2";
				TEST_TARGET_NAME = ImageTrackingThing;
			};
			name = Release;
		};
/* End XCBuildConfiguration section */

/* Begin XCConfigurationList section */
		E9E47A5320EAF6E200BA3EAF /* Build configuration list for PBXProject "FloatingDisplays" */ = {
			isa = XCConfigurationList;
			buildConfigurations = (
				E9E47A8020EAF6E500BA3EAF /* Debug */,
				E9E47A8120EAF6E500BA3EAF /* Release */,
			);
			defaultConfigurationIsVisible = 0;
			defaultConfigurationName = Release;
		};
		E9E47A8220EAF6E500BA3EAF /* Build configuration list for PBXNativeTarget "FloatingDisplays" */ = {
			isa = XCConfigurationList;
			buildConfigurations = (
				E9E47A8320EAF6E500BA3EAF /* Debug */,
				E9E47A8420EAF6E500BA3EAF /* Release */,
			);
			defaultConfigurationIsVisible = 0;
			defaultConfigurationName = Release;
		};
		E9E47A8520EAF6E500BA3EAF /* Build configuration list for PBXNativeTarget "FloatingDisplaysTests" */ = {
			isa = XCConfigurationList;
			buildConfigurations = (
				E9E47A8620EAF6E500BA3EAF /* Debug */,
				E9E47A8720EAF6E500BA3EAF /* Release */,
			);
			defaultConfigurationIsVisible = 0;
			defaultConfigurationName = Release;
		};
		E9E47A8820EAF6E500BA3EAF /* Build configuration list for PBXNativeTarget "FloatingDisplaysUITests" */ = {
			isa = XCConfigurationList;
			buildConfigurations = (
				E9E47A8920EAF6E500BA3EAF /* Debug */,
				E9E47A8A20EAF6E500BA3EAF /* Release */,
			);
			defaultConfigurationIsVisible = 0;
			defaultConfigurationName = Release;
		};
/* End XCConfigurationList section */
	};
	rootObject = E9E47A5020EAF6E200BA3EAF /* Project object */;
}
